// !$*UTF8*$!
{
	archiveVersion = 1;
	classes = {
	};
	objectVersion = 55;
	objects = {

/* Begin PBXBuildFile section */
		53500BBB27CA5D36005DF808 /* AppDelegate.swift in Sources */ = {isa = PBXBuildFile; fileRef = 53500BBA27CA5D36005DF808 /* AppDelegate.swift */; };
		53500BBD27CA5D36005DF808 /* SceneDelegate.swift in Sources */ = {isa = PBXBuildFile; fileRef = 53500BBC27CA5D36005DF808 /* SceneDelegate.swift */; };
		53500BC227CA5D36005DF808 /* Main.storyboard in Resources */ = {isa = PBXBuildFile; fileRef = 53500BC027CA5D36005DF808 /* Main.storyboard */; };
		53500BC427CA5D37005DF808 /* Assets.xcassets in Resources */ = {isa = PBXBuildFile; fileRef = 53500BC327CA5D37005DF808 /* Assets.xcassets */; };
		53500BC727CA5D37005DF808 /* LaunchScreen.storyboard in Resources */ = {isa = PBXBuildFile; fileRef = 53500BC527CA5D37005DF808 /* LaunchScreen.storyboard */; };
		53500BCF27CA6051005DF808 /* StopsTableViewController.swift in Sources */ = {isa = PBXBuildFile; fileRef = 53500BCE27CA6051005DF808 /* StopsTableViewController.swift */; };
		53500BD427CA61B6005DF808 /* Stop.swift in Sources */ = {isa = PBXBuildFile; fileRef = 53500BD327CA61B6005DF808 /* Stop.swift */; };
		53500BD727CA6576005DF808 /* StopsTableViewModel.swift in Sources */ = {isa = PBXBuildFile; fileRef = 53500BD627CA6576005DF808 /* StopsTableViewModel.swift */; };
		53500BDA27CA6751005DF808 /* NetworkManager.swift in Sources */ = {isa = PBXBuildFile; fileRef = 53500BD927CA6751005DF808 /* NetworkManager.swift */; };
		53500BDF27CA92D4005DF808 /* StopTableViewCell.swift in Sources */ = {isa = PBXBuildFile; fileRef = 53500BDE27CA92D4005DF808 /* StopTableViewCell.swift */; };
		53500BE227CA9403005DF808 /* StopCellViewModel.swift in Sources */ = {isa = PBXBuildFile; fileRef = 53500BE127CA9402005DF808 /* StopCellViewModel.swift */; };
/* End PBXBuildFile section */

/* Begin PBXFileReference section */
		53500BB727CA5D36005DF808 /* StopsApp.app */ = {isa = PBXFileReference; explicitFileType = wrapper.application; includeInIndex = 0; path = StopsApp.app; sourceTree = BUILT_PRODUCTS_DIR; };
		53500BBA27CA5D36005DF808 /* AppDelegate.swift */ = {isa = PBXFileReference; lastKnownFileType = sourcecode.swift; path = AppDelegate.swift; sourceTree = "<group>"; };
		53500BBC27CA5D36005DF808 /* SceneDelegate.swift */ = {isa = PBXFileReference; lastKnownFileType = sourcecode.swift; path = SceneDelegate.swift; sourceTree = "<group>"; };
		53500BC127CA5D36005DF808 /* Base */ = {isa = PBXFileReference; lastKnownFileType = file.storyboard; name = Base; path = Base.lproj/Main.storyboard; sourceTree = "<group>"; };
		53500BC327CA5D37005DF808 /* Assets.xcassets */ = {isa = PBXFileReference; lastKnownFileType = folder.assetcatalog; path = Assets.xcassets; sourceTree = "<group>"; };
		53500BC627CA5D37005DF808 /* Base */ = {isa = PBXFileReference; lastKnownFileType = file.storyboard; name = Base; path = Base.lproj/LaunchScreen.storyboard; sourceTree = "<group>"; };
		53500BC827CA5D37005DF808 /* Info.plist */ = {isa = PBXFileReference; lastKnownFileType = text.plist.xml; path = Info.plist; sourceTree = "<group>"; };
		53500BCE27CA6051005DF808 /* StopsTableViewController.swift */ = {isa = PBXFileReference; lastKnownFileType = sourcecode.swift; path = StopsTableViewController.swift; sourceTree = "<group>"; };
		53500BD327CA61B6005DF808 /* Stop.swift */ = {isa = PBXFileReference; lastKnownFileType = sourcecode.swift; path = Stop.swift; sourceTree = "<group>"; };
		53500BD627CA6576005DF808 /* StopsTableViewModel.swift */ = {isa = PBXFileReference; lastKnownFileType = sourcecode.swift; path = StopsTableViewModel.swift; sourceTree = "<group>"; };
		53500BD927CA6751005DF808 /* NetworkManager.swift */ = {isa = PBXFileReference; lastKnownFileType = sourcecode.swift; path = NetworkManager.swift; sourceTree = "<group>"; };
		53500BDE27CA92D4005DF808 /* StopTableViewCell.swift */ = {isa = PBXFileReference; lastKnownFileType = sourcecode.swift; path = StopTableViewCell.swift; sourceTree = "<group>"; };
		53500BE127CA9402005DF808 /* StopCellViewModel.swift */ = {isa = PBXFileReference; lastKnownFileType = sourcecode.swift; path = StopCellViewModel.swift; sourceTree = "<group>"; };
/* End PBXFileReference section */

/* Begin PBXFrameworksBuildPhase section */
		53500BB427CA5D36005DF808 /* Frameworks */ = {
			isa = PBXFrameworksBuildPhase;
			buildActionMask = 2147483647;
			files = (
			);
			runOnlyForDeploymentPostprocessing = 0;
		};
/* End PBXFrameworksBuildPhase section */

/* Begin PBXGroup section */
		53500BAE27CA5D36005DF808 = {
			isa = PBXGroup;
			children = (
				53500BB927CA5D36005DF808 /* StopsApp */,
				53500BB827CA5D36005DF808 /* Products */,
			);
			sourceTree = "<group>";
		};
		53500BB827CA5D36005DF808 /* Products */ = {
			isa = PBXGroup;
			children = (
				53500BB727CA5D36005DF808 /* StopsApp.app */,
			);
			name = Products;
			sourceTree = "<group>";
		};
		53500BB927CA5D36005DF808 /* StopsApp */ = {
			isa = PBXGroup;
			children = (
				53500BD827CA657C005DF808 /* StopsTable */,
				53500BDB27CA6759005DF808 /* Services */,
				53500BD527CA61BB005DF808 /* Models */,
				53500BD127CA616C005DF808 /* Storyboards */,
				53500BD027CA60DA005DF808 /* App */,
				53500BD227CA6188005DF808 /* Resources */,
			);
			path = StopsApp;
			sourceTree = "<group>";
		};
		53500BD027CA60DA005DF808 /* App */ = {
			isa = PBXGroup;
			children = (
				53500BBA27CA5D36005DF808 /* AppDelegate.swift */,
				53500BBC27CA5D36005DF808 /* SceneDelegate.swift */,
				53500BC827CA5D37005DF808 /* Info.plist */,
			);
			path = App;
			sourceTree = "<group>";
		};
		53500BD127CA616C005DF808 /* Storyboards */ = {
			isa = PBXGroup;
			children = (
				53500BC027CA5D36005DF808 /* Main.storyboard */,
				53500BC527CA5D37005DF808 /* LaunchScreen.storyboard */,
			);
			path = Storyboards;
			sourceTree = "<group>";
		};
		53500BD227CA6188005DF808 /* Resources */ = {
			isa = PBXGroup;
			children = (
				53500BC327CA5D37005DF808 /* Assets.xcassets */,
			);
			path = Resources;
			sourceTree = "<group>";
		};
		53500BD527CA61BB005DF808 /* Models */ = {
			isa = PBXGroup;
			children = (
				53500BD327CA61B6005DF808 /* Stop.swift */,
			);
			path = Models;
			sourceTree = "<group>";
		};
		53500BD827CA657C005DF808 /* StopsTable */ = {
			isa = PBXGroup;
			children = (
				53500BCE27CA6051005DF808 /* StopsTableViewController.swift */,
				53500BD627CA6576005DF808 /* StopsTableViewModel.swift */,
				53500BE027CA92E4005DF808 /* StopCell */,
			);
			path = StopsTable;
			sourceTree = "<group>";
		};
		53500BDB27CA6759005DF808 /* Services */ = {
			isa = PBXGroup;
			children = (
				53500BD927CA6751005DF808 /* NetworkManager.swift */,
			);
			path = Services;
			sourceTree = "<group>";
		};
		53500BE027CA92E4005DF808 /* StopCell */ = {
			isa = PBXGroup;
			children = (
				53500BDE27CA92D4005DF808 /* StopTableViewCell.swift */,
				53500BE127CA9402005DF808 /* StopCellViewModel.swift */,
			);
			path = StopCell;
			sourceTree = "<group>";
		};
/* End PBXGroup section */

/* Begin PBXNativeTarget section */
		53500BB627CA5D36005DF808 /* StopsApp */ = {
			isa = PBXNativeTarget;
			buildConfigurationList = 53500BCB27CA5D37005DF808 /* Build configuration list for PBXNativeTarget "StopsApp" */;
			buildPhases = (
				53500BB327CA5D36005DF808 /* Sources */,
				53500BB427CA5D36005DF808 /* Frameworks */,
				53500BB527CA5D36005DF808 /* Resources */,
			);
			buildRules = (
			);
			dependencies = (
			);
			name = StopsApp;
			productName = StopsApp;
			productReference = 53500BB727CA5D36005DF808 /* StopsApp.app */;
			productType = "com.apple.product-type.application";
		};
/* End PBXNativeTarget section */

/* Begin PBXProject section */
		53500BAF27CA5D36005DF808 /* Project object */ = {
			isa = PBXProject;
			attributes = {
				BuildIndependentTargetsInParallel = 1;
				LastSwiftUpdateCheck = 1320;
				LastUpgradeCheck = 1320;
				TargetAttributes = {
					53500BB627CA5D36005DF808 = {
						CreatedOnToolsVersion = 13.2.1;
					};
				};
			};
			buildConfigurationList = 53500BB227CA5D36005DF808 /* Build configuration list for PBXProject "StopsApp" */;
			compatibilityVersion = "Xcode 13.0";
			developmentRegion = en;
			hasScannedForEncodings = 0;
			knownRegions = (
				en,
				Base,
			);
			mainGroup = 53500BAE27CA5D36005DF808;
			productRefGroup = 53500BB827CA5D36005DF808 /* Products */;
			projectDirPath = "";
			projectRoot = "";
			targets = (
				53500BB627CA5D36005DF808 /* StopsApp */,
			);
		};
/* End PBXProject section */

/* Begin PBXResourcesBuildPhase section */
		53500BB527CA5D36005DF808 /* Resources */ = {
			isa = PBXResourcesBuildPhase;
			buildActionMask = 2147483647;
			files = (
				53500BC727CA5D37005DF808 /* LaunchScreen.storyboard in Resources */,
				53500BC427CA5D37005DF808 /* Assets.xcassets in Resources */,
				53500BC227CA5D36005DF808 /* Main.storyboard in Resources */,
			);
			runOnlyForDeploymentPostprocessing = 0;
		};
/* End PBXResourcesBuildPhase section */

/* Begin PBXSourcesBuildPhase section */
		53500BB327CA5D36005DF808 /* Sources */ = {
			isa = PBXSourcesBuildPhase;
			buildActionMask = 2147483647;
			files = (
				53500BDA27CA6751005DF808 /* NetworkManager.swift in Sources */,
				53500BCF27CA6051005DF808 /* StopsTableViewController.swift in Sources */,
				53500BBB27CA5D36005DF808 /* AppDelegate.swift in Sources */,
				53500BBD27CA5D36005DF808 /* SceneDelegate.swift in Sources */,
				53500BE227CA9403005DF808 /* StopCellViewModel.swift in Sources */,
				53500BDF27CA92D4005DF808 /* StopTableViewCell.swift in Sources */,
				53500BD727CA6576005DF808 /* StopsTableViewModel.swift in Sources */,
				53500BD427CA61B6005DF808 /* Stop.swift in Sources */,
			);
			runOnlyForDeploymentPostprocessing = 0;
		};
/* End PBXSourcesBuildPhase section */

/* Begin PBXVariantGroup section */
		53500BC027CA5D36005DF808 /* Main.storyboard */ = {
			isa = PBXVariantGroup;
			children = (
				53500BC127CA5D36005DF808 /* Base */,
			);
			name = Main.storyboard;
			sourceTree = "<group>";
		};
		53500BC527CA5D37005DF808 /* LaunchScreen.storyboard */ = {
			isa = PBXVariantGroup;
			children = (
				53500BC627CA5D37005DF808 /* Base */,
			);
			name = LaunchScreen.storyboard;
			sourceTree = "<group>";
		};
/* End PBXVariantGroup section */

/* Begin XCBuildConfiguration section */
		53500BC927CA5D37005DF808 /* Debug */ = {
			isa = XCBuildConfiguration;
			buildSettings = {
				ALWAYS_SEARCH_USER_PATHS = NO;
				CLANG_ANALYZER_NONNULL = YES;
				CLANG_ANALYZER_NUMBER_OBJECT_CONVERSION = YES_AGGRESSIVE;
				CLANG_CXX_LANGUAGE_STANDARD = "gnu++17";
				CLANG_CXX_LIBRARY = "libc++";
				CLANG_ENABLE_MODULES = YES;
				CLANG_ENABLE_OBJC_ARC = YES;
				CLANG_ENABLE_OBJC_WEAK = YES;
				CLANG_WARN_BLOCK_CAPTURE_AUTORELEASING = YES;
				CLANG_WARN_BOOL_CONVERSION = YES;
				CLANG_WARN_COMMA = YES;
				CLANG_WARN_CONSTANT_CONVERSION = YES;
				CLANG_WARN_DEPRECATED_OBJC_IMPLEMENTATIONS = YES;
				CLANG_WARN_DIRECT_OBJC_ISA_USAGE = YES_ERROR;
				CLANG_WARN_DOCUMENTATION_COMMENTS = YES;
				CLANG_WARN_EMPTY_BODY = YES;
				CLANG_WARN_ENUM_CONVERSION = YES;
				CLANG_WARN_INFINITE_RECURSION = YES;
				CLANG_WARN_INT_CONVERSION = YES;
				CLANG_WARN_NON_LITERAL_NULL_CONVERSION = YES;
				CLANG_WARN_OBJC_IMPLICIT_RETAIN_SELF = YES;
				CLANG_WARN_OBJC_LITERAL_CONVERSION = YES;
				CLANG_WARN_OBJC_ROOT_CLASS = YES_ERROR;
				CLANG_WARN_QUOTED_INCLUDE_IN_FRAMEWORK_HEADER = YES;
				CLANG_WARN_RANGE_LOOP_ANALYSIS = YES;
				CLANG_WARN_STRICT_PROTOTYPES = YES;
				CLANG_WARN_SUSPICIOUS_MOVE = YES;
				CLANG_WARN_UNGUARDED_AVAILABILITY = YES_AGGRESSIVE;
				CLANG_WARN_UNREACHABLE_CODE = YES;
				CLANG_WARN__DUPLICATE_METHOD_MATCH = YES;
				COPY_PHASE_STRIP = NO;
				DEBUG_INFORMATION_FORMAT = dwarf;
				ENABLE_STRICT_OBJC_MSGSEND = YES;
				ENABLE_TESTABILITY = YES;
				GCC_C_LANGUAGE_STANDARD = gnu11;
				GCC_DYNAMIC_NO_PIC = NO;
				GCC_NO_COMMON_BLOCKS = YES;
				GCC_OPTIMIZATION_LEVEL = 0;
				GCC_PREPROCESSOR_DEFINITIONS = (
					"DEBUG=1",
					"$(inherited)",
				);
				GCC_WARN_64_TO_32_BIT_CONVERSION = YES;
				GCC_WARN_ABOUT_RETURN_TYPE = YES_ERROR;
				GCC_WARN_UNDECLARED_SELECTOR = YES;
				GCC_WARN_UNINITIALIZED_AUTOS = YES_AGGRESSIVE;
				GCC_WARN_UNUSED_FUNCTION = YES;
				GCC_WARN_UNUSED_VARIABLE = YES;
				IPHONEOS_DEPLOYMENT_TARGET = 15.2;
				MTL_ENABLE_DEBUG_INFO = INCLUDE_SOURCE;
				MTL_FAST_MATH = YES;
				ONLY_ACTIVE_ARCH = YES;
				SDKROOT = iphoneos;
				SWIFT_ACTIVE_COMPILATION_CONDITIONS = DEBUG;
				SWIFT_OPTIMIZATION_LEVEL = "-Onone";
			};
			name = Debug;
		};
		53500BCA27CA5D37005DF808 /* Release */ = {
			isa = XCBuildConfiguration;
			buildSettings = {
				ALWAYS_SEARCH_USER_PATHS = NO;
				CLANG_ANALYZER_NONNULL = YES;
				CLANG_ANALYZER_NUMBER_OBJECT_CONVERSION = YES_AGGRESSIVE;
				CLANG_CXX_LANGUAGE_STANDARD = "gnu++17";
				CLANG_CXX_LIBRARY = "libc++";
				CLANG_ENABLE_MODULES = YES;
				CLANG_ENABLE_OBJC_ARC = YES;
				CLANG_ENABLE_OBJC_WEAK = YES;
				CLANG_WARN_BLOCK_CAPTURE_AUTORELEASING = YES;
				CLANG_WARN_BOOL_CONVERSION = YES;
				CLANG_WARN_COMMA = YES;
				CLANG_WARN_CONSTANT_CONVERSION = YES;
				CLANG_WARN_DEPRECATED_OBJC_IMPLEMENTATIONS = YES;
				CLANG_WARN_DIRECT_OBJC_ISA_USAGE = YES_ERROR;
				CLANG_WARN_DOCUMENTATION_COMMENTS = YES;
				CLANG_WARN_EMPTY_BODY = YES;
				CLANG_WARN_ENUM_CONVERSION = YES;
				CLANG_WARN_INFINITE_RECURSION = YES;
				CLANG_WARN_INT_CONVERSION = YES;
				CLANG_WARN_NON_LITERAL_NULL_CONVERSION = YES;
				CLANG_WARN_OBJC_IMPLICIT_RETAIN_SELF = YES;
				CLANG_WARN_OBJC_LITERAL_CONVERSION = YES;
				CLANG_WARN_OBJC_ROOT_CLASS = YES_ERROR;
				CLANG_WARN_QUOTED_INCLUDE_IN_FRAMEWORK_HEADER = YES;
				CLANG_WARN_RANGE_LOOP_ANALYSIS = YES;
				CLANG_WARN_STRICT_PROTOTYPES = YES;
				CLANG_WARN_SUSPICIOUS_MOVE = YES;
				CLANG_WARN_UNGUARDED_AVAILABILITY = YES_AGGRESSIVE;
				CLANG_WARN_UNREACHABLE_CODE = YES;
				CLANG_WARN__DUPLICATE_METHOD_MATCH = YES;
				COPY_PHASE_STRIP = NO;
				DEBUG_INFORMATION_FORMAT = "dwarf-with-dsym";
				ENABLE_NS_ASSERTIONS = NO;
				ENABLE_STRICT_OBJC_MSGSEND = YES;
				GCC_C_LANGUAGE_STANDARD = gnu11;
				GCC_NO_COMMON_BLOCKS = YES;
				GCC_WARN_64_TO_32_BIT_CONVERSION = YES;
				GCC_WARN_ABOUT_RETURN_TYPE = YES_ERROR;
				GCC_WARN_UNDECLARED_SELECTOR = YES;
				GCC_WARN_UNINITIALIZED_AUTOS = YES_AGGRESSIVE;
				GCC_WARN_UNUSED_FUNCTION = YES;
				GCC_WARN_UNUSED_VARIABLE = YES;
				IPHONEOS_DEPLOYMENT_TARGET = 15.2;
				MTL_ENABLE_DEBUG_INFO = NO;
				MTL_FAST_MATH = YES;
				SDKROOT = iphoneos;
				SWIFT_COMPILATION_MODE = wholemodule;
				SWIFT_OPTIMIZATION_LEVEL = "-O";
				VALIDATE_PRODUCT = YES;
			};
			name = Release;
		};
		53500BCC27CA5D37005DF808 /* Debug */ = {
			isa = XCBuildConfiguration;
			buildSettings = {
				ASSETCATALOG_COMPILER_APPICON_NAME = AppIcon;
				ASSETCATALOG_COMPILER_GLOBAL_ACCENT_COLOR_NAME = AccentColor;
				CODE_SIGN_STYLE = Automatic;
				CURRENT_PROJECT_VERSION = 1;
				DEVELOPMENT_TEAM = 292XY44XLL;
				GENERATE_INFOPLIST_FILE = YES;
				INFOPLIST_FILE = StopsApp/App/Info.plist;
				INFOPLIST_KEY_UIApplicationSupportsIndirectInputEvents = YES;
				INFOPLIST_KEY_UILaunchStoryboardName = LaunchScreen;
				INFOPLIST_KEY_UIMainStoryboardFile = Main;
				INFOPLIST_KEY_UISupportedInterfaceOrientations = UIInterfaceOrientationPortrait;
				INFOPLIST_KEY_UISupportedInterfaceOrientations_iPad = "UIInterfaceOrientationPortrait UIInterfaceOrientationPortraitUpsideDown UIInterfaceOrientationLandscapeLeft UIInterfaceOrientationLandscapeRight";
				INFOPLIST_KEY_UISupportedInterfaceOrientations_iPhone = "UIInterfaceOrientationPortrait UIInterfaceOrientationLandscapeLeft UIInterfaceOrientationLandscapeRight";
				LD_RUNPATH_SEARCH_PATHS = (
					"$(inherited)",
					"@executable_path/Frameworks",
				);
				MARKETING_VERSION = 1.0;
				PRODUCT_BUNDLE_IDENTIFIER = YaroslavBoyko.StopsApp;
				PRODUCT_NAME = "$(TARGET_NAME)";
				SWIFT_EMIT_LOC_STRINGS = YES;
				SWIFT_VERSION = 5.0;
				TARGETED_DEVICE_FAMILY = 1;
			};
			name = Debug;
		};
		53500BCD27CA5D37005DF808 /* Release */ = {
			isa = XCBuildConfiguration;
			buildSettings = {
				ASSETCATALOG_COMPILER_APPICON_NAME = AppIcon;
				ASSETCATALOG_COMPILER_GLOBAL_ACCENT_COLOR_NAME = AccentColor;
				CODE_SIGN_STYLE = Automatic;
				CURRENT_PROJECT_VERSION = 1;
				DEVELOPMENT_TEAM = 292XY44XLL;
				GENERATE_INFOPLIST_FILE = YES;
				INFOPLIST_FILE = StopsApp/App/Info.plist;
				INFOPLIST_KEY_UIApplicationSupportsIndirectInputEvents = YES;
				INFOPLIST_KEY_UILaunchStoryboardName = LaunchScreen;
				INFOPLIST_KEY_UIMainStoryboardFile = Main;
				INFOPLIST_KEY_UISupportedInterfaceOrientations = UIInterfaceOrientationPortrait;
				INFOPLIST_KEY_UISupportedInterfaceOrientations_iPad = "UIInterfaceOrientationPortrait UIInterfaceOrientationPortraitUpsideDown UIInterfaceOrientationLandscapeLeft UIInterfaceOrientationLandscapeRight";
				INFOPLIST_KEY_UISupportedInterfaceOrientations_iPhone = "UIInterfaceOrientationPortrait UIInterfaceOrientationLandscapeLeft UIInterfaceOrientationLandscapeRight";
				LD_RUNPATH_SEARCH_PATHS = (
					"$(inherited)",
					"@executable_path/Frameworks",
				);
				MARKETING_VERSION = 1.0;
				PRODUCT_BUNDLE_IDENTIFIER = YaroslavBoyko.StopsApp;
				PRODUCT_NAME = "$(TARGET_NAME)";
				SWIFT_EMIT_LOC_STRINGS = YES;
				SWIFT_VERSION = 5.0;
				TARGETED_DEVICE_FAMILY = 1;
			};
			name = Release;
		};
/* End XCBuildConfiguration section */

/* Begin XCConfigurationList section */
		53500BB227CA5D36005DF808 /* Build configuration list for PBXProject "StopsApp" */ = {
			isa = XCConfigurationList;
			buildConfigurations = (
				53500BC927CA5D37005DF808 /* Debug */,
				53500BCA27CA5D37005DF808 /* Release */,
			);
			defaultConfigurationIsVisible = 0;
			defaultConfigurationName = Release;
		};
		53500BCB27CA5D37005DF808 /* Build configuration list for PBXNativeTarget "StopsApp" */ = {
			isa = XCConfigurationList;
			buildConfigurations = (
				53500BCC27CA5D37005DF808 /* Debug */,
				53500BCD27CA5D37005DF808 /* Release */,
			);
			defaultConfigurationIsVisible = 0;
			defaultConfigurationName = Release;
		};
/* End XCConfigurationList section */
	};
	rootObject = 53500BAF27CA5D36005DF808 /* Project object */;
}
